
Microsoft Visual Studio Solution File, Format Version 12.00
# Visual Studio Version 16
VisualStudioVersion = 16.0.29424.173
MinimumVisualStudioVersion = 10.0.40219.1
Project("{FAE04EC0-301F-11D3-BF4B-00C04F79EFBC}") = "MobilityEye", "MobilityEye.csproj", "{E0D5CA5F-3770-4332-8EE1-B39157D372E9}"
EndProject
Project("{FAE04EC0-301F-11D3-BF4B-00C04F79EFBC}") = "MobilityeyeTest", "MobilityeyeTest\MobilityeyeTest.csproj", "{F5944214-F155-4043-81DC-588B4912E1CF}"
EndProject
Global
	GlobalSection(SolutionConfigurationPlatforms) = preSolution
		Debug|Any CPU = Debug|Any CPU
		Release|Any CPU = Release|Any CPU
	EndGlobalSection
	GlobalSection(ProjectConfigurationPlatforms) = postSolution
		{E0D5CA5F-3770-4332-8EE1-B39157D372E9}.Debug|Any CPU.ActiveCfg = Debug|Any CPU
		{E0D5CA5F-3770-4332-8EE1-B39157D372E9}.Debug|Any CPU.Build.0 = Debug|Any CPU
		{E0D5CA5F-3770-4332-8EE1-B39157D372E9}.Release|Any CPU.ActiveCfg = Release|Any CPU
		{E0D5CA5F-3770-4332-8EE1-B39157D372E9}.Release|Any CPU.Build.0 = Release|Any CPU
		{F5944214-F155-4043-81DC-588B4912E1CF}.Debug|Any CPU.ActiveCfg = Debug|Any CPU
		{F5944214-F155-4043-81DC-588B4912E1CF}.Debug|Any CPU.Build.0 = Debug|Any CPU
		{F5944214-F155-4043-81DC-588B4912E1CF}.Release|Any CPU.ActiveCfg = Release|Any CPU
		{F5944214-F155-4043-81DC-588B4912E1CF}.Release|Any CPU.Build.0 = Release|Any CPU
	EndGlobalSection
	GlobalSection(SolutionProperties) = preSolution
		HideSolutionNode = FALSE
	EndGlobalSection
	GlobalSection(ExtensibilityGlobals) = postSolution
		SolutionGuid = {395C4E73-20A8-40BF-93D1-0395182FB02C}
	EndGlobalSection
EndGlobal
